
Microsoft Visual Studio Solution File, Format Version 12.00
# Visual Studio 14
VisualStudioVersion = 14.0.24720.0
MinimumVisualStudioVersion = 10.0.40219.1
Project("{FAE04EC0-301F-11D3-BF4B-00C04F79EFBC}") = "FarsightDash", "FarsightDash\FarsightDash.csproj", "{2A1101E8-E3DB-4291-B1AF-980DE495B8F4}"
EndProject
Project("{FAE04EC0-301F-11D3-BF4B-00C04F79EFBC}") = "FarsightDash.Common", "FarsightDash.Interfaces\FarsightDash.Common.csproj", "{A9A2AA29-7C66-427D-8C5D-144D773B7217}"
EndProject
Project("{FAE04EC0-301F-11D3-BF4B-00C04F79EFBC}") = "FarsightDash.Test", "FarsightDash.Test\FarsightDash.Test.csproj", "{2D450E23-2965-48DB-91D9-33D74CF5FC2B}"
EndProject
Project("{FAE04EC0-301F-11D3-BF4B-00C04F79EFBC}") = "FarsightDash.BaseModules", "FarsightDash.Core\FarsightDash.BaseModules.csproj", "{38323449-F912-489A-913D-A4A4FB038242}"
EndProject
Global
	GlobalSection(SolutionConfigurationPlatforms) = preSolution
		Debug|Any CPU = Debug|Any CPU
		Debug|x86 = Debug|x86
		Release|Any CPU = Release|Any CPU
		Release|x86 = Release|x86
	EndGlobalSection
	GlobalSection(ProjectConfigurationPlatforms) = postSolution
		{2A1101E8-E3DB-4291-B1AF-980DE495B8F4}.Debug|Any CPU.ActiveCfg = Debug|Any CPU
		{2A1101E8-E3DB-4291-B1AF-980DE495B8F4}.Debug|Any CPU.Build.0 = Debug|Any CPU
		{2A1101E8-E3DB-4291-B1AF-980DE495B8F4}.Debug|x86.ActiveCfg = Debug|x86
		{2A1101E8-E3DB-4291-B1AF-980DE495B8F4}.Debug|x86.Build.0 = Debug|x86
		{2A1101E8-E3DB-4291-B1AF-980DE495B8F4}.Release|Any CPU.ActiveCfg = Release|Any CPU
		{2A1101E8-E3DB-4291-B1AF-980DE495B8F4}.Release|Any CPU.Build.0 = Release|Any CPU
		{2A1101E8-E3DB-4291-B1AF-980DE495B8F4}.Release|x86.ActiveCfg = Release|x86
		{2A1101E8-E3DB-4291-B1AF-980DE495B8F4}.Release|x86.Build.0 = Release|x86
		{A9A2AA29-7C66-427D-8C5D-144D773B7217}.Debug|Any CPU.ActiveCfg = Debug|Any CPU
		{A9A2AA29-7C66-427D-8C5D-144D773B7217}.Debug|Any CPU.Build.0 = Debug|Any CPU
		{A9A2AA29-7C66-427D-8C5D-144D773B7217}.Debug|x86.ActiveCfg = Debug|x86
		{A9A2AA29-7C66-427D-8C5D-144D773B7217}.Debug|x86.Build.0 = Debug|x86
		{A9A2AA29-7C66-427D-8C5D-144D773B7217}.Release|Any CPU.ActiveCfg = Release|Any CPU
		{A9A2AA29-7C66-427D-8C5D-144D773B7217}.Release|Any CPU.Build.0 = Release|Any CPU
		{A9A2AA29-7C66-427D-8C5D-144D773B7217}.Release|x86.ActiveCfg = Release|Any CPU
		{A9A2AA29-7C66-427D-8C5D-144D773B7217}.Release|x86.Build.0 = Release|Any CPU
		{2D450E23-2965-48DB-91D9-33D74CF5FC2B}.Debug|Any CPU.ActiveCfg = Debug|Any CPU
		{2D450E23-2965-48DB-91D9-33D74CF5FC2B}.Debug|Any CPU.Build.0 = Debug|Any CPU
		{2D450E23-2965-48DB-91D9-33D74CF5FC2B}.Debug|x86.ActiveCfg = Debug|x86
		{2D450E23-2965-48DB-91D9-33D74CF5FC2B}.Debug|x86.Build.0 = Debug|x86
		{2D450E23-2965-48DB-91D9-33D74CF5FC2B}.Release|Any CPU.ActiveCfg = Release|Any CPU
		{2D450E23-2965-48DB-91D9-33D74CF5FC2B}.Release|Any CPU.Build.0 = Release|Any CPU
		{2D450E23-2965-48DB-91D9-33D74CF5FC2B}.Release|x86.ActiveCfg = Release|Any CPU
		{2D450E23-2965-48DB-91D9-33D74CF5FC2B}.Release|x86.Build.0 = Release|Any CPU
		{38323449-F912-489A-913D-A4A4FB038242}.Debug|Any CPU.ActiveCfg = Debug|Any CPU
		{38323449-F912-489A-913D-A4A4FB038242}.Debug|Any CPU.Build.0 = Debug|Any CPU
		{38323449-F912-489A-913D-A4A4FB038242}.Debug|x86.ActiveCfg = Debug|x86
		{38323449-F912-489A-913D-A4A4FB038242}.Debug|x86.Build.0 = Debug|x86
		{38323449-F912-489A-913D-A4A4FB038242}.Release|Any CPU.ActiveCfg = Release|Any CPU
		{38323449-F912-489A-913D-A4A4FB038242}.Release|Any CPU.Build.0 = Release|Any CPU
		{38323449-F912-489A-913D-A4A4FB038242}.Release|x86.ActiveCfg = Release|x86
		{38323449-F912-489A-913D-A4A4FB038242}.Release|x86.Build.0 = Release|x86
	EndGlobalSection
	GlobalSection(SolutionProperties) = preSolution
		HideSolutionNode = FALSE
	EndGlobalSection
EndGlobal
